// !$*UTF8*$!
{
	archiveVersion = 1;
	classes = {
	};
	objectVersion = 56;
	objects = {

/* Begin PBXBuildFile section */
		720648062AA8AEE900992FD0 /* AppDelegate.swift in Sources */ = {isa = PBXBuildFile; fileRef = 720648052AA8AEE900992FD0 /* AppDelegate.swift */; };
		720648082AA8AEE900992FD0 /* SceneDelegate.swift in Sources */ = {isa = PBXBuildFile; fileRef = 720648072AA8AEE900992FD0 /* SceneDelegate.swift */; };
		7206480D2AA8AEE900992FD0 /* Main.storyboard in Resources */ = {isa = PBXBuildFile; fileRef = 7206480B2AA8AEE900992FD0 /* Main.storyboard */; };
		7206480F2AA8AEEB00992FD0 /* Assets.xcassets in Resources */ = {isa = PBXBuildFile; fileRef = 7206480E2AA8AEEB00992FD0 /* Assets.xcassets */; };
		720648122AA8AEEB00992FD0 /* LaunchScreen.storyboard in Resources */ = {isa = PBXBuildFile; fileRef = 720648102AA8AEEB00992FD0 /* LaunchScreen.storyboard */; };
		7206481A2AA8AFEA00992FD0 /* PlayersViewController.swift in Sources */ = {isa = PBXBuildFile; fileRef = 720648192AA8AFEA00992FD0 /* PlayersViewController.swift */; };
		7206481C2AA8B7E200992FD0 /* PlayerDetailsViewController.swift in Sources */ = {isa = PBXBuildFile; fileRef = 7206481B2AA8B7E200992FD0 /* PlayerDetailsViewController.swift */; };
		7206481E2AA8BD0200992FD0 /* Player.swift in Sources */ = {isa = PBXBuildFile; fileRef = 7206481D2AA8BD0200992FD0 /* Player.swift */; };
		720648202AA8F09B00992FD0 /* TeamNameViewController.swift in Sources */ = {isa = PBXBuildFile; fileRef = 7206481F2AA8F09B00992FD0 /* TeamNameViewController.swift */; };
		72B270F32AAA168E00C37048 /* GamesViewController.swift in Sources */ = {isa = PBXBuildFile; fileRef = 72B270F22AAA168E00C37048 /* GamesViewController.swift */; };
		72B270F52AAA18A700C37048 /* Game.swift in Sources */ = {isa = PBXBuildFile; fileRef = 72B270F42AAA18A700C37048 /* Game.swift */; };
		72B4C3402AA9D2320030EF09 /* Team.swift in Sources */ = {isa = PBXBuildFile; fileRef = 72B4C33F2AA9D2320030EF09 /* Team.swift */; };
		72B4C3432AA9DE8D0030EF09 /* ApiClient.swift in Sources */ = {isa = PBXBuildFile; fileRef = 72B4C3422AA9DE8D0030EF09 /* ApiClient.swift */; };
		72FD1FB52AAB31E400C1B63B /* GameDetailsViewController.swift in Sources */ = {isa = PBXBuildFile; fileRef = 72FD1FB42AAB31E400C1B63B /* GameDetailsViewController.swift */; };
		72FD1FB72AABC18400C1B63B /* DateUtils.swift in Sources */ = {isa = PBXBuildFile; fileRef = 72FD1FB62AABC18400C1B63B /* DateUtils.swift */; };
		72FD1FB92AABD30D00C1B63B /* ApiClientGames.swift in Sources */ = {isa = PBXBuildFile; fileRef = 72FD1FB82AABD30D00C1B63B /* ApiClientGames.swift */; };
		72FD1FBB2AABD90000C1B63B /* DataLoadingViewController.swift in Sources */ = {isa = PBXBuildFile; fileRef = 72FD1FBA2AABD90000C1B63B /* DataLoadingViewController.swift */; };
/* End PBXBuildFile section */

/* Begin PBXFileReference section */
		720648022AA8AEE900992FD0 /* NBAPlayers.app */ = {isa = PBXFileReference; explicitFileType = wrapper.application; includeInIndex = 0; path = NBAPlayers.app; sourceTree = BUILT_PRODUCTS_DIR; };
		720648052AA8AEE900992FD0 /* AppDelegate.swift */ = {isa = PBXFileReference; lastKnownFileType = sourcecode.swift; path = AppDelegate.swift; sourceTree = "<group>"; };
		720648072AA8AEE900992FD0 /* SceneDelegate.swift */ = {isa = PBXFileReference; lastKnownFileType = sourcecode.swift; path = SceneDelegate.swift; sourceTree = "<group>"; };
		7206480C2AA8AEE900992FD0 /* Base */ = {isa = PBXFileReference; lastKnownFileType = file.storyboard; name = Base; path = Base.lproj/Main.storyboard; sourceTree = "<group>"; };
		7206480E2AA8AEEB00992FD0 /* Assets.xcassets */ = {isa = PBXFileReference; lastKnownFileType = folder.assetcatalog; path = Assets.xcassets; sourceTree = "<group>"; };
		720648112AA8AEEB00992FD0 /* Base */ = {isa = PBXFileReference; lastKnownFileType = file.storyboard; name = Base; path = Base.lproj/LaunchScreen.storyboard; sourceTree = "<group>"; };
		720648132AA8AEEB00992FD0 /* Info.plist */ = {isa = PBXFileReference; lastKnownFileType = text.plist.xml; path = Info.plist; sourceTree = "<group>"; };
		720648192AA8AFEA00992FD0 /* PlayersViewController.swift */ = {isa = PBXFileReference; lastKnownFileType = sourcecode.swift; path = PlayersViewController.swift; sourceTree = "<group>"; };
		7206481B2AA8B7E200992FD0 /* PlayerDetailsViewController.swift */ = {isa = PBXFileReference; lastKnownFileType = sourcecode.swift; path = PlayerDetailsViewController.swift; sourceTree = "<group>"; };
		7206481D2AA8BD0200992FD0 /* Player.swift */ = {isa = PBXFileReference; lastKnownFileType = sourcecode.swift; path = Player.swift; sourceTree = "<group>"; };
		7206481F2AA8F09B00992FD0 /* TeamNameViewController.swift */ = {isa = PBXFileReference; lastKnownFileType = sourcecode.swift; path = TeamNameViewController.swift; sourceTree = "<group>"; };
		72B270F22AAA168E00C37048 /* GamesViewController.swift */ = {isa = PBXFileReference; lastKnownFileType = sourcecode.swift; path = GamesViewController.swift; sourceTree = "<group>"; };
		72B270F42AAA18A700C37048 /* Game.swift */ = {isa = PBXFileReference; lastKnownFileType = sourcecode.swift; path = Game.swift; sourceTree = "<group>"; };
		72B4C33F2AA9D2320030EF09 /* Team.swift */ = {isa = PBXFileReference; lastKnownFileType = sourcecode.swift; path = Team.swift; sourceTree = "<group>"; };
		72B4C3422AA9DE8D0030EF09 /* ApiClient.swift */ = {isa = PBXFileReference; lastKnownFileType = sourcecode.swift; path = ApiClient.swift; sourceTree = "<group>"; };
		72FD1FB42AAB31E400C1B63B /* GameDetailsViewController.swift */ = {isa = PBXFileReference; lastKnownFileType = sourcecode.swift; path = GameDetailsViewController.swift; sourceTree = "<group>"; };
		72FD1FB62AABC18400C1B63B /* DateUtils.swift */ = {isa = PBXFileReference; lastKnownFileType = sourcecode.swift; path = DateUtils.swift; sourceTree = "<group>"; };
		72FD1FB82AABD30D00C1B63B /* ApiClientGames.swift */ = {isa = PBXFileReference; lastKnownFileType = sourcecode.swift; path = ApiClientGames.swift; sourceTree = "<group>"; };
		72FD1FBA2AABD90000C1B63B /* DataLoadingViewController.swift */ = {isa = PBXFileReference; lastKnownFileType = sourcecode.swift; path = DataLoadingViewController.swift; sourceTree = "<group>"; };
/* End PBXFileReference section */

/* Begin PBXFrameworksBuildPhase section */
		720647FF2AA8AEE900992FD0 /* Frameworks */ = {
			isa = PBXFrameworksBuildPhase;
			buildActionMask = 2147483647;
			files = (
			);
			runOnlyForDeploymentPostprocessing = 0;
		};
/* End PBXFrameworksBuildPhase section */

/* Begin PBXGroup section */
		720647F92AA8AEE900992FD0 = {
			isa = PBXGroup;
			children = (
				720648042AA8AEE900992FD0 /* NBAPlayers */,
				720648032AA8AEE900992FD0 /* Products */,
			);
			sourceTree = "<group>";
		};
		720648032AA8AEE900992FD0 /* Products */ = {
			isa = PBXGroup;
			children = (
				720648022AA8AEE900992FD0 /* NBAPlayers.app */,
			);
			name = Products;
			sourceTree = "<group>";
		};
		720648042AA8AEE900992FD0 /* NBAPlayers */ = {
			isa = PBXGroup;
			children = (
				720648052AA8AEE900992FD0 /* AppDelegate.swift */,
				720648072AA8AEE900992FD0 /* SceneDelegate.swift */,
				72FD1FBC2AABDB4D00C1B63B /* Models */,
				72FD1FBD2AABDBA500C1B63B /* ViewControllers */,
				72B4C3412AA9DE5E0030EF09 /* Network */,
				7206480B2AA8AEE900992FD0 /* Main.storyboard */,
				7206480E2AA8AEEB00992FD0 /* Assets.xcassets */,
				720648102AA8AEEB00992FD0 /* LaunchScreen.storyboard */,
				720648132AA8AEEB00992FD0 /* Info.plist */,
			);
			path = NBAPlayers;
			sourceTree = "<group>";
		};
		72B4C3412AA9DE5E0030EF09 /* Network */ = {
			isa = PBXGroup;
			children = (
				72B4C3422AA9DE8D0030EF09 /* ApiClient.swift */,
				72FD1FB82AABD30D00C1B63B /* ApiClientGames.swift */,
			);
			path = Network;
			sourceTree = "<group>";
		};
		72FD1FBC2AABDB4D00C1B63B /* Models */ = {
			isa = PBXGroup;
			children = (
				7206481D2AA8BD0200992FD0 /* Player.swift */,
				72B270F42AAA18A700C37048 /* Game.swift */,
				72B4C33F2AA9D2320030EF09 /* Team.swift */,
				72FD1FB62AABC18400C1B63B /* DateUtils.swift */,
			);
			path = Models;
			sourceTree = "<group>";
		};
		72FD1FBD2AABDBA500C1B63B /* ViewControllers */ = {
			isa = PBXGroup;
			children = (
				72FD1FBA2AABD90000C1B63B /* DataLoadingViewController.swift */,
				720648192AA8AFEA00992FD0 /* PlayersViewController.swift */,
				72B270F22AAA168E00C37048 /* GamesViewController.swift */,
				7206481B2AA8B7E200992FD0 /* PlayerDetailsViewController.swift */,
				72FD1FB42AAB31E400C1B63B /* GameDetailsViewController.swift */,
				7206481F2AA8F09B00992FD0 /* TeamNameViewController.swift */,
			);
			path = ViewControllers;
			sourceTree = "<group>";
		};
/* End PBXGroup section */

/* Begin PBXNativeTarget section */
		720648012AA8AEE900992FD0 /* NBAPlayers */ = {
			isa = PBXNativeTarget;
			buildConfigurationList = 720648162AA8AEEB00992FD0 /* Build configuration list for PBXNativeTarget "NBAPlayers" */;
			buildPhases = (
				720647FE2AA8AEE900992FD0 /* Sources */,
				720647FF2AA8AEE900992FD0 /* Frameworks */,
				720648002AA8AEE900992FD0 /* Resources */,
			);
			buildRules = (
			);
			dependencies = (
			);
			name = NBAPlayers;
			productName = NBAPlayers;
			productReference = 720648022AA8AEE900992FD0 /* NBAPlayers.app */;
			productType = "com.apple.product-type.application";
		};
/* End PBXNativeTarget section */

/* Begin PBXProject section */
		720647FA2AA8AEE900992FD0 /* Project object */ = {
			isa = PBXProject;
			attributes = {
				BuildIndependentTargetsInParallel = 1;
				LastSwiftUpdateCheck = 1430;
				LastUpgradeCheck = 1430;
				TargetAttributes = {
					720648012AA8AEE900992FD0 = {
						CreatedOnToolsVersion = 14.3.1;
					};
				};
			};
			buildConfigurationList = 720647FD2AA8AEE900992FD0 /* Build configuration list for PBXProject "NBAPlayers" */;
			compatibilityVersion = "Xcode 14.0";
			developmentRegion = en;
			hasScannedForEncodings = 0;
			knownRegions = (
				en,
				Base,
			);
			mainGroup = 720647F92AA8AEE900992FD0;
			productRefGroup = 720648032AA8AEE900992FD0 /* Products */;
			projectDirPath = "";
			projectRoot = "";
			targets = (
				720648012AA8AEE900992FD0 /* NBAPlayers */,
			);
		};
/* End PBXProject section */

/* Begin PBXResourcesBuildPhase section */
		720648002AA8AEE900992FD0 /* Resources */ = {
			isa = PBXResourcesBuildPhase;
			buildActionMask = 2147483647;
			files = (
				720648122AA8AEEB00992FD0 /* LaunchScreen.storyboard in Resources */,
				7206480F2AA8AEEB00992FD0 /* Assets.xcassets in Resources */,
				7206480D2AA8AEE900992FD0 /* Main.storyboard in Resources */,
			);
			runOnlyForDeploymentPostprocessing = 0;
		};
/* End PBXResourcesBuildPhase section */

/* Begin PBXSourcesBuildPhase section */
		720647FE2AA8AEE900992FD0 /* Sources */ = {
			isa = PBXSourcesBuildPhase;
			buildActionMask = 2147483647;
			files = (
				720648062AA8AEE900992FD0 /* AppDelegate.swift in Sources */,
				72FD1FB72AABC18400C1B63B /* DateUtils.swift in Sources */,
				72B270F52AAA18A700C37048 /* Game.swift in Sources */,
				72FD1FBB2AABD90000C1B63B /* DataLoadingViewController.swift in Sources */,
				720648082AA8AEE900992FD0 /* SceneDelegate.swift in Sources */,
				72B4C3402AA9D2320030EF09 /* Team.swift in Sources */,
				72B4C3432AA9DE8D0030EF09 /* ApiClient.swift in Sources */,
				72FD1FB92AABD30D00C1B63B /* ApiClientGames.swift in Sources */,
				72B270F32AAA168E00C37048 /* GamesViewController.swift in Sources */,
				7206481C2AA8B7E200992FD0 /* PlayerDetailsViewController.swift in Sources */,
				72FD1FB52AAB31E400C1B63B /* GameDetailsViewController.swift in Sources */,
				7206481E2AA8BD0200992FD0 /* Player.swift in Sources */,
				720648202AA8F09B00992FD0 /* TeamNameViewController.swift in Sources */,
				7206481A2AA8AFEA00992FD0 /* PlayersViewController.swift in Sources */,
			);
			runOnlyForDeploymentPostprocessing = 0;
		};
/* End PBXSourcesBuildPhase section */

/* Begin PBXVariantGroup section */
		7206480B2AA8AEE900992FD0 /* Main.storyboard */ = {
			isa = PBXVariantGroup;
			children = (
				7206480C2AA8AEE900992FD0 /* Base */,
			);
			name = Main.storyboard;
			sourceTree = "<group>";
		};
		720648102AA8AEEB00992FD0 /* LaunchScreen.storyboard */ = {
			isa = PBXVariantGroup;
			children = (
				720648112AA8AEEB00992FD0 /* Base */,
			);
			name = LaunchScreen.storyboard;
			sourceTree = "<group>";
		};
/* End PBXVariantGroup section */

/* Begin XCBuildConfiguration section */
		720648142AA8AEEB00992FD0 /* Debug */ = {
			isa = XCBuildConfiguration;
			buildSettings = {
				ALWAYS_SEARCH_USER_PATHS = NO;
				CLANG_ANALYZER_NONNULL = YES;
				CLANG_ANALYZER_NUMBER_OBJECT_CONVERSION = YES_AGGRESSIVE;
				CLANG_CXX_LANGUAGE_STANDARD = "gnu++20";
				CLANG_ENABLE_MODULES = YES;
				CLANG_ENABLE_OBJC_ARC = YES;
				CLANG_ENABLE_OBJC_WEAK = YES;
				CLANG_WARN_BLOCK_CAPTURE_AUTORELEASING = YES;
				CLANG_WARN_BOOL_CONVERSION = YES;
				CLANG_WARN_COMMA = YES;
				CLANG_WARN_CONSTANT_CONVERSION = YES;
				CLANG_WARN_DEPRECATED_OBJC_IMPLEMENTATIONS = YES;
				CLANG_WARN_DIRECT_OBJC_ISA_USAGE = YES_ERROR;
				CLANG_WARN_DOCUMENTATION_COMMENTS = YES;
				CLANG_WARN_EMPTY_BODY = YES;
				CLANG_WARN_ENUM_CONVERSION = YES;
				CLANG_WARN_INFINITE_RECURSION = YES;
				CLANG_WARN_INT_CONVERSION = YES;
				CLANG_WARN_NON_LITERAL_NULL_CONVERSION = YES;
				CLANG_WARN_OBJC_IMPLICIT_RETAIN_SELF = YES;
				CLANG_WARN_OBJC_LITERAL_CONVERSION = YES;
				CLANG_WARN_OBJC_ROOT_CLASS = YES_ERROR;
				CLANG_WARN_QUOTED_INCLUDE_IN_FRAMEWORK_HEADER = YES;
				CLANG_WARN_RANGE_LOOP_ANALYSIS = YES;
				CLANG_WARN_STRICT_PROTOTYPES = YES;
				CLANG_WARN_SUSPICIOUS_MOVE = YES;
				CLANG_WARN_UNGUARDED_AVAILABILITY = YES_AGGRESSIVE;
				CLANG_WARN_UNREACHABLE_CODE = YES;
				CLANG_WARN__DUPLICATE_METHOD_MATCH = YES;
				COPY_PHASE_STRIP = NO;
				DEBUG_INFORMATION_FORMAT = dwarf;
				ENABLE_STRICT_OBJC_MSGSEND = YES;
				ENABLE_TESTABILITY = YES;
				GCC_C_LANGUAGE_STANDARD = gnu11;
				GCC_DYNAMIC_NO_PIC = NO;
				GCC_NO_COMMON_BLOCKS = YES;
				GCC_OPTIMIZATION_LEVEL = 0;
				GCC_PREPROCESSOR_DEFINITIONS = (
					"DEBUG=1",
					"$(inherited)",
				);
				GCC_WARN_64_TO_32_BIT_CONVERSION = YES;
				GCC_WARN_ABOUT_RETURN_TYPE = YES_ERROR;
				GCC_WARN_UNDECLARED_SELECTOR = YES;
				GCC_WARN_UNINITIALIZED_AUTOS = YES_AGGRESSIVE;
				GCC_WARN_UNUSED_FUNCTION = YES;
				GCC_WARN_UNUSED_VARIABLE = YES;
				IPHONEOS_DEPLOYMENT_TARGET = 16.4;
				MTL_ENABLE_DEBUG_INFO = INCLUDE_SOURCE;
				MTL_FAST_MATH = YES;
				ONLY_ACTIVE_ARCH = YES;
				SDKROOT = iphoneos;
				SWIFT_ACTIVE_COMPILATION_CONDITIONS = DEBUG;
				SWIFT_OPTIMIZATION_LEVEL = "-Onone";
			};
			name = Debug;
		};
		720648152AA8AEEB00992FD0 /* Release */ = {
			isa = XCBuildConfiguration;
			buildSettings = {
				ALWAYS_SEARCH_USER_PATHS = NO;
				CLANG_ANALYZER_NONNULL = YES;
				CLANG_ANALYZER_NUMBER_OBJECT_CONVERSION = YES_AGGRESSIVE;
				CLANG_CXX_LANGUAGE_STANDARD = "gnu++20";
				CLANG_ENABLE_MODULES = YES;
				CLANG_ENABLE_OBJC_ARC = YES;
				CLANG_ENABLE_OBJC_WEAK = YES;
				CLANG_WARN_BLOCK_CAPTURE_AUTORELEASING = YES;
				CLANG_WARN_BOOL_CONVERSION = YES;
				CLANG_WARN_COMMA = YES;
				CLANG_WARN_CONSTANT_CONVERSION = YES;
				CLANG_WARN_DEPRECATED_OBJC_IMPLEMENTATIONS = YES;
				CLANG_WARN_DIRECT_OBJC_ISA_USAGE = YES_ERROR;
				CLANG_WARN_DOCUMENTATION_COMMENTS = YES;
				CLANG_WARN_EMPTY_BODY = YES;
				CLANG_WARN_ENUM_CONVERSION = YES;
				CLANG_WARN_INFINITE_RECURSION = YES;
				CLANG_WARN_INT_CONVERSION = YES;
				CLANG_WARN_NON_LITERAL_NULL_CONVERSION = YES;
				CLANG_WARN_OBJC_IMPLICIT_RETAIN_SELF = YES;
				CLANG_WARN_OBJC_LITERAL_CONVERSION = YES;
				CLANG_WARN_OBJC_ROOT_CLASS = YES_ERROR;
				CLANG_WARN_QUOTED_INCLUDE_IN_FRAMEWORK_HEADER = YES;
				CLANG_WARN_RANGE_LOOP_ANALYSIS = YES;
				CLANG_WARN_STRICT_PROTOTYPES = YES;
				CLANG_WARN_SUSPICIOUS_MOVE = YES;
				CLANG_WARN_UNGUARDED_AVAILABILITY = YES_AGGRESSIVE;
				CLANG_WARN_UNREACHABLE_CODE = YES;
				CLANG_WARN__DUPLICATE_METHOD_MATCH = YES;
				COPY_PHASE_STRIP = NO;
				DEBUG_INFORMATION_FORMAT = "dwarf-with-dsym";
				ENABLE_NS_ASSERTIONS = NO;
				ENABLE_STRICT_OBJC_MSGSEND = YES;
				GCC_C_LANGUAGE_STANDARD = gnu11;
				GCC_NO_COMMON_BLOCKS = YES;
				GCC_WARN_64_TO_32_BIT_CONVERSION = YES;
				GCC_WARN_ABOUT_RETURN_TYPE = YES_ERROR;
				GCC_WARN_UNDECLARED_SELECTOR = YES;
				GCC_WARN_UNINITIALIZED_AUTOS = YES_AGGRESSIVE;
				GCC_WARN_UNUSED_FUNCTION = YES;
				GCC_WARN_UNUSED_VARIABLE = YES;
				IPHONEOS_DEPLOYMENT_TARGET = 16.4;
				MTL_ENABLE_DEBUG_INFO = NO;
				MTL_FAST_MATH = YES;
				SDKROOT = iphoneos;
				SWIFT_COMPILATION_MODE = wholemodule;
				SWIFT_OPTIMIZATION_LEVEL = "-O";
				VALIDATE_PRODUCT = YES;
			};
			name = Release;
		};
		720648172AA8AEEB00992FD0 /* Debug */ = {
			isa = XCBuildConfiguration;
			buildSettings = {
				ASSETCATALOG_COMPILER_APPICON_NAME = AppIcon;
				ASSETCATALOG_COMPILER_GLOBAL_ACCENT_COLOR_NAME = AccentColor;
				CODE_SIGN_STYLE = Automatic;
				CURRENT_PROJECT_VERSION = 1;
				DEVELOPMENT_TEAM = HJ5JF3F29D;
				GENERATE_INFOPLIST_FILE = YES;
				INFOPLIST_FILE = NBAPlayers/Info.plist;
				INFOPLIST_KEY_UIApplicationSupportsIndirectInputEvents = YES;
				INFOPLIST_KEY_UILaunchStoryboardName = LaunchScreen;
				INFOPLIST_KEY_UIMainStoryboardFile = Main;
				INFOPLIST_KEY_UISupportedInterfaceOrientations_iPhone = "UIInterfaceOrientationPortrait UIInterfaceOrientationLandscapeLeft UIInterfaceOrientationLandscapeRight";
				LD_RUNPATH_SEARCH_PATHS = (
					"$(inherited)",
					"@executable_path/Frameworks",
				);
				MARKETING_VERSION = 1.0;
				PRODUCT_BUNDLE_IDENTIFIER = com.Dzhabaev.NBAPlayers;
				PRODUCT_NAME = "$(TARGET_NAME)";
				SUPPORTED_PLATFORMS = "iphoneos iphonesimulator";
				SUPPORTS_MACCATALYST = NO;
				SUPPORTS_MAC_DESIGNED_FOR_IPHONE_IPAD = NO;
				SWIFT_EMIT_LOC_STRINGS = YES;
				SWIFT_VERSION = 5.0;
				TARGETED_DEVICE_FAMILY = 1;
			};
			name = Debug;
		};
		720648182AA8AEEB00992FD0 /* Release */ = {
			isa = XCBuildConfiguration;
			buildSettings = {
				ASSETCATALOG_COMPILER_APPICON_NAME = AppIcon;
				ASSETCATALOG_COMPILER_GLOBAL_ACCENT_COLOR_NAME = AccentColor;
				CODE_SIGN_STYLE = Automatic;
				CURRENT_PROJECT_VERSION = 1;
				DEVELOPMENT_TEAM = HJ5JF3F29D;
				GENERATE_INFOPLIST_FILE = YES;
				INFOPLIST_FILE = NBAPlayers/Info.plist;
				INFOPLIST_KEY_UIApplicationSupportsIndirectInputEvents = YES;
				INFOPLIST_KEY_UILaunchStoryboardName = LaunchScreen;
				INFOPLIST_KEY_UIMainStoryboardFile = Main;
				INFOPLIST_KEY_UISupportedInterfaceOrientations_iPhone = "UIInterfaceOrientationPortrait UIInterfaceOrientationLandscapeLeft UIInterfaceOrientationLandscapeRight";
				LD_RUNPATH_SEARCH_PATHS = (
					"$(inherited)",
					"@executable_path/Frameworks",
				);
				MARKETING_VERSION = 1.0;
				PRODUCT_BUNDLE_IDENTIFIER = com.Dzhabaev.NBAPlayers;
				PRODUCT_NAME = "$(TARGET_NAME)";
				SUPPORTED_PLATFORMS = "iphoneos iphonesimulator";
				SUPPORTS_MACCATALYST = NO;
				SUPPORTS_MAC_DESIGNED_FOR_IPHONE_IPAD = NO;
				SWIFT_EMIT_LOC_STRINGS = YES;
				SWIFT_VERSION = 5.0;
				TARGETED_DEVICE_FAMILY = 1;
			};
			name = Release;
		};
/* End XCBuildConfiguration section */

/* Begin XCConfigurationList section */
		720647FD2AA8AEE900992FD0 /* Build configuration list for PBXProject "NBAPlayers" */ = {
			isa = XCConfigurationList;
			buildConfigurations = (
				720648142AA8AEEB00992FD0 /* Debug */,
				720648152AA8AEEB00992FD0 /* Release */,
			);
			defaultConfigurationIsVisible = 0;
			defaultConfigurationName = Release;
		};
		720648162AA8AEEB00992FD0 /* Build configuration list for PBXNativeTarget "NBAPlayers" */ = {
			isa = XCConfigurationList;
			buildConfigurations = (
				720648172AA8AEEB00992FD0 /* Debug */,
				720648182AA8AEEB00992FD0 /* Release */,
			);
			defaultConfigurationIsVisible = 0;
			defaultConfigurationName = Release;
		};
/* End XCConfigurationList section */
	};
	rootObject = 720647FA2AA8AEE900992FD0 /* Project object */;
}
